# This file is automatically @generated by Cargo.
# It is not intended for manual editing.
version = 3

[[package]]
name = "TCPChat"
version = "0.1.0"

[[package]]
name = "client"
version = "0.1.0"
dependencies = [
 "fprint",
]

[[package]]
name = "fprint"
version = "0.1.1"
source = "registry+https://github.com/rust-lang/crates.io-index"
checksum = "6fee463e996bbe8b430731204cc5e081d5079983d9d19ae3bfcd7cd2a1843484"

[[package]]
name = "server"
version = "0.1.0"
